
Microsoft Visual Studio Solution File, Format Version 12.00
# Visual Studio Version 17
VisualStudioVersion = 17.7.34018.315
MinimumVisualStudioVersion = 10.0.40219.1
Project("{FAE04EC0-301F-11D3-BF4B-00C04F79EFBC}") = "project05_AnhMauRGB", "project05_AnhMauRGB\project05_AnhMauRGB.csproj", "{78E83892-254A-4998-8D2F-CD8BDC1E56FE}"
EndProject
Global
	GlobalSection(SolutionConfigurationPlatforms) = preSolution
		Debug|Any CPU = Debug|Any CPU
		Release|Any CPU = Release|Any CPU
	EndGlobalSection
	GlobalSection(ProjectConfigurationPlatforms) = postSolution
		{78E83892-254A-4998-8D2F-CD8BDC1E56FE}.Debug|Any CPU.ActiveCfg = Debug|Any CPU
		{78E83892-254A-4998-8D2F-CD8BDC1E56FE}.Debug|Any CPU.Build.0 = Debug|Any CPU
		{78E83892-254A-4998-8D2F-CD8BDC1E56FE}.Release|Any CPU.ActiveCfg = Release|Any CPU
		{78E83892-254A-4998-8D2F-CD8BDC1E56FE}.Release|Any CPU.Build.0 = Release|Any CPU
	EndGlobalSection
	GlobalSection(SolutionProperties) = preSolution
		HideSolutionNode = FALSE
	EndGlobalSection
	GlobalSection(ExtensibilityGlobals) = postSolution
		SolutionGuid = {1E28C43D-2880-4E7F-B81B-82AAD2DE4E5D}
	EndGlobalSection
EndGlobal
