
Microsoft Visual Studio Solution File, Format Version 12.00
# Visual Studio Version 17
VisualStudioVersion = 17.7.34018.315
MinimumVisualStudioVersion = 10.0.40219.1
Project("{FAE04EC0-301F-11D3-BF4B-00C04F79EFBC}") = "XLA_project01RGB", "XLA_project01RGB\XLA_project01RGB.csproj", "{2DD03399-F54F-4D6D-9089-60B815F0CC4D}"
EndProject
Global
	GlobalSection(SolutionConfigurationPlatforms) = preSolution
		Debug|Any CPU = Debug|Any CPU
		Release|Any CPU = Release|Any CPU
	EndGlobalSection
	GlobalSection(ProjectConfigurationPlatforms) = postSolution
		{2DD03399-F54F-4D6D-9089-60B815F0CC4D}.Debug|Any CPU.ActiveCfg = Debug|Any CPU
		{2DD03399-F54F-4D6D-9089-60B815F0CC4D}.Debug|Any CPU.Build.0 = Debug|Any CPU
		{2DD03399-F54F-4D6D-9089-60B815F0CC4D}.Release|Any CPU.ActiveCfg = Release|Any CPU
		{2DD03399-F54F-4D6D-9089-60B815F0CC4D}.Release|Any CPU.Build.0 = Release|Any CPU
	EndGlobalSection
	GlobalSection(SolutionProperties) = preSolution
		HideSolutionNode = FALSE
	EndGlobalSection
	GlobalSection(ExtensibilityGlobals) = postSolution
		SolutionGuid = {0D7E1C35-3649-4253-8320-7BDB6781C33F}
	EndGlobalSection
EndGlobal
