
Microsoft Visual Studio Solution File, Format Version 12.00
# Visual Studio Version 17
VisualStudioVersion = 17.7.34018.315
MinimumVisualStudioVersion = 10.0.40219.1
Project("{FAE04EC0-301F-11D3-BF4B-00C04F79EFBC}") = "WinFormsApp1", "WinFormsApp1\WinFormsApp1.csproj", "{CE09B899-1CE3-41D6-A9DC-91B6A7D1EFC9}"
EndProject
Global
	GlobalSection(SolutionConfigurationPlatforms) = preSolution
		Debug|Any CPU = Debug|Any CPU
		Release|Any CPU = Release|Any CPU
	EndGlobalSection
	GlobalSection(ProjectConfigurationPlatforms) = postSolution
		{CE09B899-1CE3-41D6-A9DC-91B6A7D1EFC9}.Debug|Any CPU.ActiveCfg = Debug|Any CPU
		{CE09B899-1CE3-41D6-A9DC-91B6A7D1EFC9}.Debug|Any CPU.Build.0 = Debug|Any CPU
		{CE09B899-1CE3-41D6-A9DC-91B6A7D1EFC9}.Release|Any CPU.ActiveCfg = Release|Any CPU
		{CE09B899-1CE3-41D6-A9DC-91B6A7D1EFC9}.Release|Any CPU.Build.0 = Release|Any CPU
	EndGlobalSection
	GlobalSection(SolutionProperties) = preSolution
		HideSolutionNode = FALSE
	EndGlobalSection
	GlobalSection(ExtensibilityGlobals) = postSolution
		SolutionGuid = {012C8428-E635-4863-A4DA-DDF4B8555AA1}
	EndGlobalSection
EndGlobal
