
Microsoft Visual Studio Solution File, Format Version 12.00
# Visual Studio Version 17
VisualStudioVersion = 17.7.34018.315
MinimumVisualStudioVersion = 10.0.40219.1
Project("{FAE04EC0-301F-11D3-BF4B-00C04F79EFBC}") = "NhanDangDuongBien", "NhanDangDuongBien\NhanDangDuongBien.csproj", "{F1119D09-8642-454E-BA95-BD917FD35E87}"
EndProject
Global
	GlobalSection(SolutionConfigurationPlatforms) = preSolution
		Debug|Any CPU = Debug|Any CPU
		Release|Any CPU = Release|Any CPU
	EndGlobalSection
	GlobalSection(ProjectConfigurationPlatforms) = postSolution
		{F1119D09-8642-454E-BA95-BD917FD35E87}.Debug|Any CPU.ActiveCfg = Debug|Any CPU
		{F1119D09-8642-454E-BA95-BD917FD35E87}.Debug|Any CPU.Build.0 = Debug|Any CPU
		{F1119D09-8642-454E-BA95-BD917FD35E87}.Release|Any CPU.ActiveCfg = Release|Any CPU
		{F1119D09-8642-454E-BA95-BD917FD35E87}.Release|Any CPU.Build.0 = Release|Any CPU
	EndGlobalSection
	GlobalSection(SolutionProperties) = preSolution
		HideSolutionNode = FALSE
	EndGlobalSection
	GlobalSection(ExtensibilityGlobals) = postSolution
		SolutionGuid = {58AA8D3E-B4C1-4E26-8E29-E8EB4835787F}
	EndGlobalSection
EndGlobal
